
Microsoft Visual Studio Solution File, Format Version 12.00
# Visual Studio Version 16
VisualStudioVersion = 16.0.30907.101
MinimumVisualStudioVersion = 10.0.40219.1
Project("{FAE04EC0-301F-11D3-BF4B-00C04F79EFBC}") = "PaintClone", "PaintClone\PaintClone.csproj", "{8210956F-1F68-4F77-915F-8BC13AD2D7B9}"
EndProject
Global
	GlobalSection(SolutionConfigurationPlatforms) = preSolution
		Debug|Any CPU = Debug|Any CPU
		Release|Any CPU = Release|Any CPU
	EndGlobalSection
	GlobalSection(ProjectConfigurationPlatforms) = postSolution
		{8210956F-1F68-4F77-915F-8BC13AD2D7B9}.Debug|Any CPU.ActiveCfg = Debug|Any CPU
		{8210956F-1F68-4F77-915F-8BC13AD2D7B9}.Debug|Any CPU.Build.0 = Debug|Any CPU
		{8210956F-1F68-4F77-915F-8BC13AD2D7B9}.Release|Any CPU.ActiveCfg = Release|Any CPU
		{8210956F-1F68-4F77-915F-8BC13AD2D7B9}.Release|Any CPU.Build.0 = Release|Any CPU
	EndGlobalSection
	GlobalSection(SolutionProperties) = preSolution
		HideSolutionNode = FALSE
	EndGlobalSection
	GlobalSection(ExtensibilityGlobals) = postSolution
		SolutionGuid = {F72A98D8-0784-4C7B-B8DA-74DAA840C9E1}
	EndGlobalSection
EndGlobal
